
Microsoft Visual Studio Solution File, Format Version 12.00
# Visual Studio 2012
Project("{FAE04EC0-301F-11D3-BF4B-00C04F79EFBC}") = "RuSpeak", "RuSpeak\RuSpeak.csproj", "{F00BB366-BF68-4C61-A269-CE1F2E58D23D}"
EndProject
Global
	GlobalSection(SolutionConfigurationPlatforms) = preSolution
		Debug|Any CPU = Debug|Any CPU
		Release|Any CPU = Release|Any CPU
	EndGlobalSection
	GlobalSection(ProjectConfigurationPlatforms) = postSolution
		{F00BB366-BF68-4C61-A269-CE1F2E58D23D}.Debug|Any CPU.ActiveCfg = Debug|Any CPU
		{F00BB366-BF68-4C61-A269-CE1F2E58D23D}.Debug|Any CPU.Build.0 = Debug|Any CPU
		{F00BB366-BF68-4C61-A269-CE1F2E58D23D}.Release|Any CPU.ActiveCfg = Release|Any CPU
		{F00BB366-BF68-4C61-A269-CE1F2E58D23D}.Release|Any CPU.Build.0 = Release|Any CPU
	EndGlobalSection
	GlobalSection(SolutionProperties) = preSolution
		HideSolutionNode = FALSE
	EndGlobalSection
EndGlobal
